
Microsoft Visual Studio Solution File, Format Version 12.00
# Visual Studio Version 17
VisualStudioVersion = 17.4.33213.308
MinimumVisualStudioVersion = 10.0.40219.1
Project("{FAE04EC0-301F-11D3-BF4B-00C04F79EFBC}") = "Lab_1", "Lab_1.csproj", "{A11A458D-2723-48E0-92C6-E646C21BAA44}"
EndProject
Global
	GlobalSection(SolutionConfigurationPlatforms) = preSolution
		Debug|Any CPU = Debug|Any CPU
		Release|Any CPU = Release|Any CPU
	EndGlobalSection
	GlobalSection(ProjectConfigurationPlatforms) = postSolution
		{A11A458D-2723-48E0-92C6-E646C21BAA44}.Debug|Any CPU.ActiveCfg = Debug|Any CPU
		{A11A458D-2723-48E0-92C6-E646C21BAA44}.Debug|Any CPU.Build.0 = Debug|Any CPU
		{A11A458D-2723-48E0-92C6-E646C21BAA44}.Release|Any CPU.ActiveCfg = Release|Any CPU
		{A11A458D-2723-48E0-92C6-E646C21BAA44}.Release|Any CPU.Build.0 = Release|Any CPU
	EndGlobalSection
	GlobalSection(SolutionProperties) = preSolution
		HideSolutionNode = FALSE
	EndGlobalSection
	GlobalSection(ExtensibilityGlobals) = postSolution
		SolutionGuid = {548FC79B-3E61-4BC6-AE19-B21CB0E3DAD8}
	EndGlobalSection
EndGlobal
