
Microsoft Visual Studio Solution File, Format Version 12.00
# Visual Studio Version 17
VisualStudioVersion = 17.3.32901.215
MinimumVisualStudioVersion = 10.0.40219.1
Project("{8BC9CEB8-8B4A-11D0-8D11-00A0C91BC942}") = "LAB8", "LAB8.vcxproj", "{CACD93E2-0008-4842-94C4-3B80352E433A}"
EndProject
Global
	GlobalSection(SolutionConfigurationPlatforms) = preSolution
		Debug|x64 = Debug|x64
		Debug|x86 = Debug|x86
		Release|x64 = Release|x64
		Release|x86 = Release|x86
	EndGlobalSection
	GlobalSection(ProjectConfigurationPlatforms) = postSolution
		{CACD93E2-0008-4842-94C4-3B80352E433A}.Debug|x64.ActiveCfg = Debug|x64
		{CACD93E2-0008-4842-94C4-3B80352E433A}.Debug|x64.Build.0 = Debug|x64
		{CACD93E2-0008-4842-94C4-3B80352E433A}.Debug|x86.ActiveCfg = Debug|Win32
		{CACD93E2-0008-4842-94C4-3B80352E433A}.Debug|x86.Build.0 = Debug|Win32
		{CACD93E2-0008-4842-94C4-3B80352E433A}.Release|x64.ActiveCfg = Release|x64
		{CACD93E2-0008-4842-94C4-3B80352E433A}.Release|x64.Build.0 = Release|x64
		{CACD93E2-0008-4842-94C4-3B80352E433A}.Release|x86.ActiveCfg = Release|Win32
		{CACD93E2-0008-4842-94C4-3B80352E433A}.Release|x86.Build.0 = Release|Win32
	EndGlobalSection
	GlobalSection(SolutionProperties) = preSolution
		HideSolutionNode = FALSE
	EndGlobalSection
	GlobalSection(ExtensibilityGlobals) = postSolution
		SolutionGuid = {F3ABCAA9-A8D7-4085-A009-4419A6EA5B6F}
	EndGlobalSection
EndGlobal
