
Microsoft Visual Studio Solution File, Format Version 12.00
# Visual Studio Version 17
VisualStudioVersion = 17.4.33213.308
MinimumVisualStudioVersion = 10.0.40219.1
Project("{FAE04EC0-301F-11D3-BF4B-00C04F79EFBC}") = "ЛР2_Паршикова_612п", "ЛР2_Паршикова_612п.csproj", "{1EE11605-A3EF-480A-A89B-4A0A181ACAD9}"
EndProject
Global
	GlobalSection(SolutionConfigurationPlatforms) = preSolution
		Debug|Any CPU = Debug|Any CPU
		Release|Any CPU = Release|Any CPU
	EndGlobalSection
	GlobalSection(ProjectConfigurationPlatforms) = postSolution
		{1EE11605-A3EF-480A-A89B-4A0A181ACAD9}.Debug|Any CPU.ActiveCfg = Debug|Any CPU
		{1EE11605-A3EF-480A-A89B-4A0A181ACAD9}.Debug|Any CPU.Build.0 = Debug|Any CPU
		{1EE11605-A3EF-480A-A89B-4A0A181ACAD9}.Release|Any CPU.ActiveCfg = Release|Any CPU
		{1EE11605-A3EF-480A-A89B-4A0A181ACAD9}.Release|Any CPU.Build.0 = Release|Any CPU
	EndGlobalSection
	GlobalSection(SolutionProperties) = preSolution
		HideSolutionNode = FALSE
	EndGlobalSection
	GlobalSection(ExtensibilityGlobals) = postSolution
		SolutionGuid = {319B226C-41D7-4A21-BE44-8729D2904555}
	EndGlobalSection
EndGlobal
